// !$*UTF8*$!
{
	archiveVersion = 1;
	classes = {
	};
	objectVersion = 46;
	objects = {

/* Begin PBXBuildFile section */
		86252D291BDB372200FF8248 /* AppDelegate.swift in Sources */ = {isa = PBXBuildFile; fileRef = 86252D281BDB372200FF8248 /* AppDelegate.swift */; };
		86252D2B1BDB372200FF8248 /* ViewController.swift in Sources */ = {isa = PBXBuildFile; fileRef = 86252D2A1BDB372200FF8248 /* ViewController.swift */; };
		86252D2E1BDB372200FF8248 /* Main.storyboard in Resources */ = {isa = PBXBuildFile; fileRef = 86252D2C1BDB372200FF8248 /* Main.storyboard */; };
		86252D301BDB372200FF8248 /* Assets.xcassets in Resources */ = {isa = PBXBuildFile; fileRef = 86252D2F1BDB372200FF8248 /* Assets.xcassets */; };
		86252D331BDB372200FF8248 /* LaunchScreen.storyboard in Resources */ = {isa = PBXBuildFile; fileRef = 86252D311BDB372200FF8248 /* LaunchScreen.storyboard */; };
		86252D3E1BDB372200FF8248 /* myoSportiOSTests.swift in Sources */ = {isa = PBXBuildFile; fileRef = 86252D3D1BDB372200FF8248 /* myoSportiOSTests.swift */; };
		86252D491BDB372200FF8248 /* myoSportiOSUITests.swift in Sources */ = {isa = PBXBuildFile; fileRef = 86252D481BDB372200FF8248 /* myoSportiOSUITests.swift */; };
		86252D571BDB393A00FF8248 /* DTW.swift in Sources */ = {isa = PBXBuildFile; fileRef = 86252D561BDB393A00FF8248 /* DTW.swift */; settings = {ASSET_TAGS = (); }; };
		86252D5A1BDB95AC00FF8248 /* MyoKit.framework in Frameworks */ = {isa = PBXBuildFile; fileRef = 86252D591BDB95AC00FF8248 /* MyoKit.framework */; settings = {ASSET_TAGS = (); }; };
		86252D5C1BDB95D400FF8248 /* MyoInput.swift in Sources */ = {isa = PBXBuildFile; fileRef = 86252D5B1BDB95D400FF8248 /* MyoInput.swift */; settings = {ASSET_TAGS = (); }; };
		86252D5E1BDB967100FF8248 /* CoreBluetooth.framework in Frameworks */ = {isa = PBXBuildFile; fileRef = 86252D5D1BDB967100FF8248 /* CoreBluetooth.framework */; };
		86252D601BDB967E00FF8248 /* SystemConfiguration.framework in Frameworks */ = {isa = PBXBuildFile; fileRef = 86252D5F1BDB967E00FF8248 /* SystemConfiguration.framework */; };
/* End PBXBuildFile section */

/* Begin PBXContainerItemProxy section */
		86252D3A1BDB372200FF8248 /* PBXContainerItemProxy */ = {
			isa = PBXContainerItemProxy;
			containerPortal = 86252D1D1BDB372200FF8248 /* Project object */;
			proxyType = 1;
			remoteGlobalIDString = 86252D241BDB372200FF8248;
			remoteInfo = myoSportiOS;
		};
		86252D451BDB372200FF8248 /* PBXContainerItemProxy */ = {
			isa = PBXContainerItemProxy;
			containerPortal = 86252D1D1BDB372200FF8248 /* Project object */;
			proxyType = 1;
			remoteGlobalIDString = 86252D241BDB372200FF8248;
			remoteInfo = myoSportiOS;
		};
/* End PBXContainerItemProxy section */

/* Begin PBXFileReference section */
		86252D251BDB372200FF8248 /* myoSportiOS.app */ = {isa = PBXFileReference; explicitFileType = wrapper.application; includeInIndex = 0; path = myoSportiOS.app; sourceTree = BUILT_PRODUCTS_DIR; };
		86252D281BDB372200FF8248 /* AppDelegate.swift */ = {isa = PBXFileReference; lastKnownFileType = sourcecode.swift; path = AppDelegate.swift; sourceTree = "<group>"; };
		86252D2A1BDB372200FF8248 /* ViewController.swift */ = {isa = PBXFileReference; lastKnownFileType = sourcecode.swift; path = ViewController.swift; sourceTree = "<group>"; };
		86252D2D1BDB372200FF8248 /* Base */ = {isa = PBXFileReference; lastKnownFileType = file.storyboard; name = Base; path = Base.lproj/Main.storyboard; sourceTree = "<group>"; };
		86252D2F1BDB372200FF8248 /* Assets.xcassets */ = {isa = PBXFileReference; lastKnownFileType = folder.assetcatalog; path = Assets.xcassets; sourceTree = "<group>"; };
		86252D321BDB372200FF8248 /* Base */ = {isa = PBXFileReference; lastKnownFileType = file.storyboard; name = Base; path = Base.lproj/LaunchScreen.storyboard; sourceTree = "<group>"; };
		86252D341BDB372200FF8248 /* Info.plist */ = {isa = PBXFileReference; lastKnownFileType = text.plist.xml; path = Info.plist; sourceTree = "<group>"; };
		86252D391BDB372200FF8248 /* myoSportiOSTests.xctest */ = {isa = PBXFileReference; explicitFileType = wrapper.cfbundle; includeInIndex = 0; path = myoSportiOSTests.xctest; sourceTree = BUILT_PRODUCTS_DIR; };
		86252D3D1BDB372200FF8248 /* myoSportiOSTests.swift */ = {isa = PBXFileReference; lastKnownFileType = sourcecode.swift; path = myoSportiOSTests.swift; sourceTree = "<group>"; };
		86252D3F1BDB372200FF8248 /* Info.plist */ = {isa = PBXFileReference; lastKnownFileType = text.plist.xml; path = Info.plist; sourceTree = "<group>"; };
		86252D441BDB372200FF8248 /* myoSportiOSUITests.xctest */ = {isa = PBXFileReference; explicitFileType = wrapper.cfbundle; includeInIndex = 0; path = myoSportiOSUITests.xctest; sourceTree = BUILT_PRODUCTS_DIR; };
		86252D481BDB372200FF8248 /* myoSportiOSUITests.swift */ = {isa = PBXFileReference; lastKnownFileType = sourcecode.swift; path = myoSportiOSUITests.swift; sourceTree = "<group>"; };
		86252D4A1BDB372200FF8248 /* Info.plist */ = {isa = PBXFileReference; lastKnownFileType = text.plist.xml; path = Info.plist; sourceTree = "<group>"; };
		86252D561BDB393A00FF8248 /* DTW.swift */ = {isa = PBXFileReference; fileEncoding = 4; lastKnownFileType = sourcecode.swift; path = DTW.swift; sourceTree = "<group>"; };
		86252D581BDB51FD00FF8248 /* MyPlayground.playground */ = {isa = PBXFileReference; lastKnownFileType = file.playground; path = MyPlayground.playground; sourceTree = "<group>"; };
		86252D591BDB95AC00FF8248 /* MyoKit.framework */ = {isa = PBXFileReference; lastKnownFileType = wrapper.framework; path = MyoKit.framework; sourceTree = "<group>"; };
		86252D5B1BDB95D400FF8248 /* MyoInput.swift */ = {isa = PBXFileReference; fileEncoding = 4; lastKnownFileType = sourcecode.swift; path = MyoInput.swift; sourceTree = "<group>"; };
		86252D5D1BDB967100FF8248 /* CoreBluetooth.framework */ = {isa = PBXFileReference; lastKnownFileType = wrapper.framework; name = CoreBluetooth.framework; path = System/Library/Frameworks/CoreBluetooth.framework; sourceTree = SDKROOT; };
		86252D5F1BDB967E00FF8248 /* SystemConfiguration.framework */ = {isa = PBXFileReference; lastKnownFileType = wrapper.framework; name = SystemConfiguration.framework; path = System/Library/Frameworks/SystemConfiguration.framework; sourceTree = SDKROOT; };
		86252D611BDB976E00FF8248 /* MyoKit-Bridging-Header.h */ = {isa = PBXFileReference; lastKnownFileType = sourcecode.c.h; path = "MyoKit-Bridging-Header.h"; sourceTree = "<group>"; };
/* End PBXFileReference section */

/* Begin PBXFrameworksBuildPhase section */
		86252D221BDB372200FF8248 /* Frameworks */ = {
			isa = PBXFrameworksBuildPhase;
			buildActionMask = 2147483647;
			files = (
				86252D601BDB967E00FF8248 /* SystemConfiguration.framework in Frameworks */,
				86252D5E1BDB967100FF8248 /* CoreBluetooth.framework in Frameworks */,
				86252D5A1BDB95AC00FF8248 /* MyoKit.framework in Frameworks */,
			);
			runOnlyForDeploymentPostprocessing = 0;
		};
		86252D361BDB372200FF8248 /* Frameworks */ = {
			isa = PBXFrameworksBuildPhase;
			buildActionMask = 2147483647;
			files = (
			);
			runOnlyForDeploymentPostprocessing = 0;
		};
		86252D411BDB372200FF8248 /* Frameworks */ = {
			isa = PBXFrameworksBuildPhase;
			buildActionMask = 2147483647;
			files = (
			);
			runOnlyForDeploymentPostprocessing = 0;
		};
/* End PBXFrameworksBuildPhase section */

/* Begin PBXGroup section */
		86252D1C1BDB372200FF8248 = {
			isa = PBXGroup;
			children = (
				86252D5F1BDB967E00FF8248 /* SystemConfiguration.framework */,
				86252D5D1BDB967100FF8248 /* CoreBluetooth.framework */,
				86252D591BDB95AC00FF8248 /* MyoKit.framework */,
				86252D581BDB51FD00FF8248 /* MyPlayground.playground */,
				86252D271BDB372200FF8248 /* myoSportiOS */,
				86252D3C1BDB372200FF8248 /* myoSportiOSTests */,
				86252D471BDB372200FF8248 /* myoSportiOSUITests */,
				86252D261BDB372200FF8248 /* Products */,
			);
			sourceTree = "<group>";
		};
		86252D261BDB372200FF8248 /* Products */ = {
			isa = PBXGroup;
			children = (
				86252D251BDB372200FF8248 /* myoSportiOS.app */,
				86252D391BDB372200FF8248 /* myoSportiOSTests.xctest */,
				86252D441BDB372200FF8248 /* myoSportiOSUITests.xctest */,
			);
			name = Products;
			sourceTree = "<group>";
		};
		86252D271BDB372200FF8248 /* myoSportiOS */ = {
			isa = PBXGroup;
			children = (
				86252D281BDB372200FF8248 /* AppDelegate.swift */,
				86252D611BDB976E00FF8248 /* MyoKit-Bridging-Header.h */,
				86252D2A1BDB372200FF8248 /* ViewController.swift */,
				86252D5B1BDB95D400FF8248 /* MyoInput.swift */,
				86252D561BDB393A00FF8248 /* DTW.swift */,
				86252D2C1BDB372200FF8248 /* Main.storyboard */,
				86252D2F1BDB372200FF8248 /* Assets.xcassets */,
				86252D311BDB372200FF8248 /* LaunchScreen.storyboard */,
				86252D341BDB372200FF8248 /* Info.plist */,
			);
			path = myoSportiOS;
			sourceTree = "<group>";
		};
		86252D3C1BDB372200FF8248 /* myoSportiOSTests */ = {
			isa = PBXGroup;
			children = (
				86252D3D1BDB372200FF8248 /* myoSportiOSTests.swift */,
				86252D3F1BDB372200FF8248 /* Info.plist */,
			);
			path = myoSportiOSTests;
			sourceTree = "<group>";
		};
		86252D471BDB372200FF8248 /* myoSportiOSUITests */ = {
			isa = PBXGroup;
			children = (
				86252D481BDB372200FF8248 /* myoSportiOSUITests.swift */,
				86252D4A1BDB372200FF8248 /* Info.plist */,
			);
			path = myoSportiOSUITests;
			sourceTree = "<group>";
		};
/* End PBXGroup section */

/* Begin PBXNativeTarget section */
		86252D241BDB372200FF8248 /* myoSportiOS */ = {
			isa = PBXNativeTarget;
			buildConfigurationList = 86252D4D1BDB372200FF8248 /* Build configuration list for PBXNativeTarget "myoSportiOS" */;
			buildPhases = (
				86252D211BDB372200FF8248 /* Sources */,
				86252D221BDB372200FF8248 /* Frameworks */,
				86252D231BDB372200FF8248 /* Resources */,
			);
			buildRules = (
			);
			dependencies = (
			);
			name = myoSportiOS;
			productName = myoSportiOS;
			productReference = 86252D251BDB372200FF8248 /* myoSportiOS.app */;
			productType = "com.apple.product-type.application";
		};
		86252D381BDB372200FF8248 /* myoSportiOSTests */ = {
			isa = PBXNativeTarget;
			buildConfigurationList = 86252D501BDB372200FF8248 /* Build configuration list for PBXNativeTarget "myoSportiOSTests" */;
			buildPhases = (
				86252D351BDB372200FF8248 /* Sources */,
				86252D361BDB372200FF8248 /* Frameworks */,
				86252D371BDB372200FF8248 /* Resources */,
			);
			buildRules = (
			);
			dependencies = (
				86252D3B1BDB372200FF8248 /* PBXTargetDependency */,
			);
			name = myoSportiOSTests;
			productName = myoSportiOSTests;
			productReference = 86252D391BDB372200FF8248 /* myoSportiOSTests.xctest */;
			productType = "com.apple.product-type.bundle.unit-test";
		};
		86252D431BDB372200FF8248 /* myoSportiOSUITests */ = {
			isa = PBXNativeTarget;
			buildConfigurationList = 86252D531BDB372200FF8248 /* Build configuration list for PBXNativeTarget "myoSportiOSUITests" */;
			buildPhases = (
				86252D401BDB372200FF8248 /* Sources */,
				86252D411BDB372200FF8248 /* Frameworks */,
				86252D421BDB372200FF8248 /* Resources */,
			);
			buildRules = (
			);
			dependencies = (
				86252D461BDB372200FF8248 /* PBXTargetDependency */,
			);
			name = myoSportiOSUITests;
			productName = myoSportiOSUITests;
			productReference = 86252D441BDB372200FF8248 /* myoSportiOSUITests.xctest */;
			productType = "com.apple.product-type.bundle.ui-testing";
		};
/* End PBXNativeTarget section */

/* Begin PBXProject section */
		86252D1D1BDB372200FF8248 /* Project object */ = {
			isa = PBXProject;
			attributes = {
				LastUpgradeCheck = 0700;
				ORGANIZATIONNAME = "Gavin Chan";
				TargetAttributes = {
					86252D241BDB372200FF8248 = {
						CreatedOnToolsVersion = 7.0.1;
					};
					86252D381BDB372200FF8248 = {
						CreatedOnToolsVersion = 7.0.1;
						TestTargetID = 86252D241BDB372200FF8248;
					};
					86252D431BDB372200FF8248 = {
						CreatedOnToolsVersion = 7.0.1;
						TestTargetID = 86252D241BDB372200FF8248;
					};
				};
			};
			buildConfigurationList = 86252D201BDB372200FF8248 /* Build configuration list for PBXProject "myoSportiOS" */;
			compatibilityVersion = "Xcode 3.2";
			developmentRegion = English;
			hasScannedForEncodings = 0;
			knownRegions = (
				en,
				Base,
			);
			mainGroup = 86252D1C1BDB372200FF8248;
			productRefGroup = 86252D261BDB372200FF8248 /* Products */;
			projectDirPath = "";
			projectRoot = "";
			targets = (
				86252D241BDB372200FF8248 /* myoSportiOS */,
				86252D381BDB372200FF8248 /* myoSportiOSTests */,
				86252D431BDB372200FF8248 /* myoSportiOSUITests */,
			);
		};
/* End PBXProject section */

/* Begin PBXResourcesBuildPhase section */
		86252D231BDB372200FF8248 /* Resources */ = {
			isa = PBXResourcesBuildPhase;
			buildActionMask = 2147483647;
			files = (
				86252D331BDB372200FF8248 /* LaunchScreen.storyboard in Resources */,
				86252D301BDB372200FF8248 /* Assets.xcassets in Resources */,
				86252D2E1BDB372200FF8248 /* Main.storyboard in Resources */,
			);
			runOnlyForDeploymentPostprocessing = 0;
		};
		86252D371BDB372200FF8248 /* Resources */ = {
			isa = PBXResourcesBuildPhase;
			buildActionMask = 2147483647;
			files = (
			);
			runOnlyForDeploymentPostprocessing = 0;
		};
		86252D421BDB372200FF8248 /* Resources */ = {
			isa = PBXResourcesBuildPhase;
			buildActionMask = 2147483647;
			files = (
			);
			runOnlyForDeploymentPostprocessing = 0;
		};
/* End PBXResourcesBuildPhase section */

/* Begin PBXSourcesBuildPhase section */
		86252D211BDB372200FF8248 /* Sources */ = {
			isa = PBXSourcesBuildPhase;
			buildActionMask = 2147483647;
			files = (
				86252D571BDB393A00FF8248 /* DTW.swift in Sources */,
				86252D2B1BDB372200FF8248 /* ViewController.swift in Sources */,
				86252D5C1BDB95D400FF8248 /* MyoInput.swift in Sources */,
				86252D291BDB372200FF8248 /* AppDelegate.swift in Sources */,
			);
			runOnlyForDeploymentPostprocessing = 0;
		};
		86252D351BDB372200FF8248 /* Sources */ = {
			isa = PBXSourcesBuildPhase;
			buildActionMask = 2147483647;
			files = (
				86252D3E1BDB372200FF8248 /* myoSportiOSTests.swift in Sources */,
			);
			runOnlyForDeploymentPostprocessing = 0;
		};
		86252D401BDB372200FF8248 /* Sources */ = {
			isa = PBXSourcesBuildPhase;
			buildActionMask = 2147483647;
			files = (
				86252D491BDB372200FF8248 /* myoSportiOSUITests.swift in Sources */,
			);
			runOnlyForDeploymentPostprocessing = 0;
		};
/* End PBXSourcesBuildPhase section */

/* Begin PBXTargetDependency section */
		86252D3B1BDB372200FF8248 /* PBXTargetDependency */ = {
			isa = PBXTargetDependency;
			target = 86252D241BDB372200FF8248 /* myoSportiOS */;
			targetProxy = 86252D3A1BDB372200FF8248 /* PBXContainerItemProxy */;
		};
		86252D461BDB372200FF8248 /* PBXTargetDependency */ = {
			isa = PBXTargetDependency;
			target = 86252D241BDB372200FF8248 /* myoSportiOS */;
			targetProxy = 86252D451BDB372200FF8248 /* PBXContainerItemProxy */;
		};
/* End PBXTargetDependency section */

/* Begin PBXVariantGroup section */
		86252D2C1BDB372200FF8248 /* Main.storyboard */ = {
			isa = PBXVariantGroup;
			children = (
				86252D2D1BDB372200FF8248 /* Base */,
			);
			name = Main.storyboard;
			sourceTree = "<group>";
		};
		86252D311BDB372200FF8248 /* LaunchScreen.storyboard */ = {
			isa = PBXVariantGroup;
			children = (
				86252D321BDB372200FF8248 /* Base */,
			);
			name = LaunchScreen.storyboard;
			sourceTree = "<group>";
		};
/* End PBXVariantGroup section */

/* Begin XCBuildConfiguration section */
		86252D4B1BDB372200FF8248 /* Debug */ = {
			isa = XCBuildConfiguration;
			buildSettings = {
				ALWAYS_SEARCH_USER_PATHS = NO;
				CLANG_CXX_LANGUAGE_STANDARD = "gnu++0x";
				CLANG_CXX_LIBRARY = "libc++";
				CLANG_ENABLE_MODULES = YES;
				CLANG_ENABLE_OBJC_ARC = YES;
				CLANG_WARN_BOOL_CONVERSION = YES;
				CLANG_WARN_CONSTANT_CONVERSION = YES;
				CLANG_WARN_DIRECT_OBJC_ISA_USAGE = YES_ERROR;
				CLANG_WARN_EMPTY_BODY = YES;
				CLANG_WARN_ENUM_CONVERSION = YES;
				CLANG_WARN_INT_CONVERSION = YES;
				CLANG_WARN_OBJC_ROOT_CLASS = YES_ERROR;
				CLANG_WARN_UNREACHABLE_CODE = YES;
				CLANG_WARN__DUPLICATE_METHOD_MATCH = YES;
				"CODE_SIGN_IDENTITY[sdk=iphoneos*]" = "iPhone Developer";
				COPY_PHASE_STRIP = NO;
				DEBUG_INFORMATION_FORMAT = dwarf;
				ENABLE_STRICT_OBJC_MSGSEND = YES;
				ENABLE_TESTABILITY = YES;
				GCC_C_LANGUAGE_STANDARD = gnu99;
				GCC_DYNAMIC_NO_PIC = NO;
				GCC_NO_COMMON_BLOCKS = YES;
				GCC_OPTIMIZATION_LEVEL = 0;
				GCC_PREPROCESSOR_DEFINITIONS = (
					"DEBUG=1",
					"$(inherited)",
				);
				GCC_WARN_64_TO_32_BIT_CONVERSION = YES;
				GCC_WARN_ABOUT_RETURN_TYPE = YES_ERROR;
				GCC_WARN_UNDECLARED_SELECTOR = YES;
				GCC_WARN_UNINITIALIZED_AUTOS = YES_AGGRESSIVE;
				GCC_WARN_UNUSED_FUNCTION = YES;
				GCC_WARN_UNUSED_VARIABLE = YES;
				IPHONEOS_DEPLOYMENT_TARGET = 9.0;
				MTL_ENABLE_DEBUG_INFO = YES;
				ONLY_ACTIVE_ARCH = YES;
				SDKROOT = iphoneos;
				SWIFT_OPTIMIZATION_LEVEL = "-Onone";
			};
			name = Debug;
		};
		86252D4C1BDB372200FF8248 /* Release */ = {
			isa = XCBuildConfiguration;
			buildSettings = {
				ALWAYS_SEARCH_USER_PATHS = NO;
				CLANG_CXX_LANGUAGE_STANDARD = "gnu++0x";
				CLANG_CXX_LIBRARY = "libc++";
				CLANG_ENABLE_MODULES = YES;
				CLANG_ENABLE_OBJC_ARC = YES;
				CLANG_WARN_BOOL_CONVERSION = YES;
				CLANG_WARN_CONSTANT_CONVERSION = YES;
				CLANG_WARN_DIRECT_OBJC_ISA_USAGE = YES_ERROR;
				CLANG_WARN_EMPTY_BODY = YES;
				CLANG_WARN_ENUM_CONVERSION = YES;
				CLANG_WARN_INT_CONVERSION = YES;
				CLANG_WARN_OBJC_ROOT_CLASS = YES_ERROR;
				CLANG_WARN_UNREACHABLE_CODE = YES;
				CLANG_WARN__DUPLICATE_METHOD_MATCH = YES;
				"CODE_SIGN_IDENTITY[sdk=iphoneos*]" = "iPhone Developer";
				COPY_PHASE_STRIP = NO;
				DEBUG_INFORMATION_FORMAT = "dwarf-with-dsym";
				ENABLE_NS_ASSERTIONS = NO;
				ENABLE_STRICT_OBJC_MSGSEND = YES;
				GCC_C_LANGUAGE_STANDARD = gnu99;
				GCC_NO_COMMON_BLOCKS = YES;
				GCC_WARN_64_TO_32_BIT_CONVERSION = YES;
				GCC_WARN_ABOUT_RETURN_TYPE = YES_ERROR;
				GCC_WARN_UNDECLARED_SELECTOR = YES;
				GCC_WARN_UNINITIALIZED_AUTOS = YES_AGGRESSIVE;
				GCC_WARN_UNUSED_FUNCTION = YES;
				GCC_WARN_UNUSED_VARIABLE = YES;
				IPHONEOS_DEPLOYMENT_TARGET = 9.0;
				MTL_ENABLE_DEBUG_INFO = NO;
				SDKROOT = iphoneos;
				VALIDATE_PRODUCT = YES;
			};
			name = Release;
		};
		86252D4E1BDB372200FF8248 /* Debug */ = {
			isa = XCBuildConfiguration;
			buildSettings = {
				ASSETCATALOG_COMPILER_APPICON_NAME = AppIcon;
				FRAMEWORK_SEARCH_PATHS = (
					"$(inherited)",
					"$(PROJECT_DIR)",
				);
				INFOPLIST_FILE = myoSportiOS/Info.plist;
				LD_RUNPATH_SEARCH_PATHS = "$(inherited) @executable_path/Frameworks";
				PRODUCT_BUNDLE_IDENTIFIER = com.gavin.myoSportiOS;
				PRODUCT_NAME = "$(TARGET_NAME)";
				SWIFT_OBJC_BRIDGING_HEADER = "myoSportiOS/MyoKit-Bridging-Header.h";
			};
			name = Debug;
		};
		86252D4F1BDB372200FF8248 /* Release */ = {
			isa = XCBuildConfiguration;
			buildSettings = {
				ASSETCATALOG_COMPILER_APPICON_NAME = AppIcon;
				FRAMEWORK_SEARCH_PATHS = (
					"$(inherited)",
					"$(PROJECT_DIR)",
				);
				INFOPLIST_FILE = myoSportiOS/Info.plist;
				LD_RUNPATH_SEARCH_PATHS = "$(inherited) @executable_path/Frameworks";
				PRODUCT_BUNDLE_IDENTIFIER = com.gavin.myoSportiOS;
				PRODUCT_NAME = "$(TARGET_NAME)";
				SWIFT_OBJC_BRIDGING_HEADER = "myoSportiOS/MyoKit-Bridging-Header.h";
			};
			name = Release;
		};
		86252D511BDB372200FF8248 /* Debug */ = {
			isa = XCBuildConfiguration;
			buildSettings = {
				BUNDLE_LOADER = "$(TEST_HOST)";
				INFOPLIST_FILE = myoSportiOSTests/Info.plist;
				LD_RUNPATH_SEARCH_PATHS = "$(inherited) @executable_path/Frameworks @loader_path/Frameworks";
				PRODUCT_BUNDLE_IDENTIFIER = com.gavin.myoSportiOSTests;
				PRODUCT_NAME = "$(TARGET_NAME)";
				TEST_HOST = "$(BUILT_PRODUCTS_DIR)/myoSportiOS.app/myoSportiOS";
			};
			name = Debug;
		};
		86252D521BDB372200FF8248 /* Release */ = {
			isa = XCBuildConfiguration;
			buildSettings = {
				BUNDLE_LOADER = "$(TEST_HOST)";
				INFOPLIST_FILE = myoSportiOSTests/Info.plist;
				LD_RUNPATH_SEARCH_PATHS = "$(inherited) @executable_path/Frameworks @loader_path/Frameworks";
				PRODUCT_BUNDLE_IDENTIFIER = com.gavin.myoSportiOSTests;
				PRODUCT_NAME = "$(TARGET_NAME)";
				TEST_HOST = "$(BUILT_PRODUCTS_DIR)/myoSportiOS.app/myoSportiOS";
			};
			name = Release;
		};
		86252D541BDB372200FF8248 /* Debug */ = {
			isa = XCBuildConfiguration;
			buildSettings = {
				INFOPLIST_FILE = myoSportiOSUITests/Info.plist;
				LD_RUNPATH_SEARCH_PATHS = "$(inherited) @executable_path/Frameworks @loader_path/Frameworks";
				PRODUCT_BUNDLE_IDENTIFIER = com.gavin.myoSportiOSUITests;
				PRODUCT_NAME = "$(TARGET_NAME)";
				TEST_TARGET_NAME = myoSportiOS;
				USES_XCTRUNNER = YES;
			};
			name = Debug;
		};
		86252D551BDB372200FF8248 /* Release */ = {
			isa = XCBuildConfiguration;
			buildSettings = {
				INFOPLIST_FILE = myoSportiOSUITests/Info.plist;
				LD_RUNPATH_SEARCH_PATHS = "$(inherited) @executable_path/Frameworks @loader_path/Frameworks";
				PRODUCT_BUNDLE_IDENTIFIER = com.gavin.myoSportiOSUITests;
				PRODUCT_NAME = "$(TARGET_NAME)";
				TEST_TARGET_NAME = myoSportiOS;
				USES_XCTRUNNER = YES;
			};
			name = Release;
		};
/* End XCBuildConfiguration section */

/* Begin XCConfigurationList section */
		86252D201BDB372200FF8248 /* Build configuration list for PBXProject "myoSportiOS" */ = {
			isa = XCConfigurationList;
			buildConfigurations = (
				86252D4B1BDB372200FF8248 /* Debug */,
				86252D4C1BDB372200FF8248 /* Release */,
			);
			defaultConfigurationIsVisible = 0;
			defaultConfigurationName = Release;
		};
		86252D4D1BDB372200FF8248 /* Build configuration list for PBXNativeTarget "myoSportiOS" */ = {
			isa = XCConfigurationList;
			buildConfigurations = (
				86252D4E1BDB372200FF8248 /* Debug */,
				86252D4F1BDB372200FF8248 /* Release */,
			);
			defaultConfigurationIsVisible = 0;
		};
		86252D501BDB372200FF8248 /* Build configuration list for PBXNativeTarget "myoSportiOSTests" */ = {
			isa = XCConfigurationList;
			buildConfigurations = (
				86252D511BDB372200FF8248 /* Debug */,
				86252D521BDB372200FF8248 /* Release */,
			);
			defaultConfigurationIsVisible = 0;
		};
		86252D531BDB372200FF8248 /* Build configuration list for PBXNativeTarget "myoSportiOSUITests" */ = {
			isa = XCConfigurationList;
			buildConfigurations = (
				86252D541BDB372200FF8248 /* Debug */,
				86252D551BDB372200FF8248 /* Release */,
			);
			defaultConfigurationIsVisible = 0;
		};
/* End XCConfigurationList section */
	};
	rootObject = 86252D1D1BDB372200FF8248 /* Project object */;
}
